
Microsoft Visual Studio Solution File, Format Version 12.00
Project("{FAE04EC0-301F-11D3-BF4B-00C04F79EFBC}") = "SocialBrothersCase.API", "SocialBrothersCase.API\SocialBrothersCase.API.csproj", "{BE6C21B4-AB4A-4D56-BA61-712644959241}"
EndProject
Global
	GlobalSection(SolutionConfigurationPlatforms) = preSolution
		Debug|Any CPU = Debug|Any CPU
		Release|Any CPU = Release|Any CPU
	EndGlobalSection
	GlobalSection(ProjectConfigurationPlatforms) = postSolution
		{BE6C21B4-AB4A-4D56-BA61-712644959241}.Debug|Any CPU.ActiveCfg = Debug|Any CPU
		{BE6C21B4-AB4A-4D56-BA61-712644959241}.Debug|Any CPU.Build.0 = Debug|Any CPU
		{BE6C21B4-AB4A-4D56-BA61-712644959241}.Release|Any CPU.ActiveCfg = Release|Any CPU
		{BE6C21B4-AB4A-4D56-BA61-712644959241}.Release|Any CPU.Build.0 = Release|Any CPU
	EndGlobalSection
EndGlobal
